<Solution>
  <Project Path="../docker-compose.dcproj">
    <Build />
  </Project>
  <Project Path="../sdk/KnockBox.Core/KnockBox.Core.csproj" />
  <Project Path="../sdk/KnockBox.Core.Client/KnockBox.Core.Client.csproj" />
  <Project Path="../sdk/KnockBox.Platform/KnockBox.Platform.csproj" />
  <Project Path="../sdk/KnockBox.PlatformTests/KnockBox.PlatformTests.csproj" />
  <Project Path="../sdk/KnockBox.Plugins.Analyzer/KnockBox.Plugins.Analyzer.csproj" />
  <Project Path="../sdk/KnockBox.Plugins.AnalyzerTests/KnockBox.Plugins.AnalyzerTests.csproj" />
  <Project Path="../sdk/KnockBox.Tooling/KnockBox.Tooling.csproj" />
  <Project Path="KnockBox.AlphaChain/KnockBox.AlphaChain.csproj" />
  <Project Path="KnockBox.AlphaChain.Contracts/KnockBox.AlphaChain.Contracts.csproj" />
  <Project Path="KnockBox.AlphaChain.Client/KnockBox.AlphaChain.Client.csproj" />
  <Project Path="KnockBox.AlphaChainTests/KnockBox.AlphaChainTests.csproj" />
  <Project Path="KnockBox.Client/KnockBox.Client.csproj" />
  <Project Path="KnockBox.CardCounter/KnockBox.CardCounter.csproj" />
  <Project Path="KnockBox.CardCounter.Contracts/KnockBox.CardCounter.Contracts.csproj" />
  <Project Path="KnockBox.CardCounter.Client/KnockBox.CardCounter.Client.csproj" />
  <Project Path="KnockBox.CardCounterTests/KnockBox.CardCounterTests.csproj" />
  <Project Path="KnockBox.Codeword/KnockBox.Codeword.csproj" />
  <Project Path="KnockBox.CodewordTests/KnockBox.CodewordTests.csproj" />
  <Project Path="KnockBox.DiceSimulator/KnockBox.DiceSimulator.csproj" />
  <Project Path="KnockBox.DiceSimulator.Contracts/KnockBox.DiceSimulator.Contracts.csproj" />
  <Project Path="KnockBox.DiceSimulator.Client/KnockBox.DiceSimulator.Client.csproj" />
  <Project Path="KnockBox.DiceSimulatorTests/KnockBox.DiceSimulatorTests.csproj" />
  <Project Path="KnockBox.DndMapper/KnockBox.DndMapper.csproj" />
  <Project Path="KnockBox.DndMapperTests/KnockBox.DndMapperTests.csproj" />
  <Project Path="KnockBox.DrawnToDress/KnockBox.DrawnToDress.csproj" />
  <Project Path="KnockBox.DrawnToDressTests/KnockBox.DrawnToDressTests.csproj" />
  <Project Path="KnockBox.LinkedList/KnockBox.LinkedList.csproj" />
  <Project Path="KnockBox.LinkedList.Contracts/KnockBox.LinkedList.Contracts.csproj" />
  <Project Path="KnockBox.LinkedList.Client/KnockBox.LinkedList.Client.csproj" />
  <Project Path="KnockBox.LinkedListTests/KnockBox.LinkedListTests.csproj" />
  <Project Path="KnockBox.Operator/KnockBox.Operator.csproj" />
  <Project Path="KnockBox.Operator.Contracts/KnockBox.Operator.Contracts.csproj" />
  <Project Path="KnockBox.Operator.Client/KnockBox.Operator.Client.csproj" />
  <Project Path="KnockBox.OperatorTests/KnockBox.OperatorTests.csproj" />
  <Project Path="KnockBox.Spardle/KnockBox.Spardle.csproj" />
  <Project Path="KnockBox.Spardle.Contracts/KnockBox.Spardle.Contracts.csproj" />
  <Project Path="KnockBox.Spardle.Client/KnockBox.Spardle.Client.csproj" />
  <Project Path="KnockBox.SpardleTests/KnockBox.SpardleTests.csproj" />
  <Project Path="KnockBox.Tracery/KnockBox.Tracery.csproj" />
  <Project Path="KnockBox.Tracery.Contracts/KnockBox.Tracery.Contracts.csproj" />
  <Project Path="KnockBox.Tracery.Client/KnockBox.Tracery.Client.csproj" />
  <Project Path="KnockBox.TraceryTests/KnockBox.TraceryTests.csproj" />
  <Project Path="KnockBox.WordService.Contracts/KnockBox.WordService.Contracts.csproj" />
  <Project Path="KnockBox.WordService/KnockBox.WordService.csproj" />
  <Project Path="KnockBox.WordServiceTests/KnockBox.WordServiceTests.csproj" />
  <Project Path="KnockBox/KnockBox.csproj" />
  <Project Path="KnockBoxTests/KnockBoxTests.csproj" />
</Solution>
